
Microsoft Visual Studio Solution File, Format Version 12.00
# Visual Studio Version 17
VisualStudioVersion = 17.11.35327.3
MinimumVisualStudioVersion = 10.0.40219.1
Project("{FAE04EC0-301F-11D3-BF4B-00C04F79EFBC}") = "Librarycreation", "Librarycreation\Librarycreation.csproj", "{1F9BADA9-2B2C-47D3-B6B5-8A11B64E7C49}"
EndProject
Global
	GlobalSection(SolutionConfigurationPlatforms) = preSolution
		Debug|Any CPU = Debug|Any CPU
		Release|Any CPU = Release|Any CPU
	EndGlobalSection
	GlobalSection(ProjectConfigurationPlatforms) = postSolution
		{1F9BADA9-2B2C-47D3-B6B5-8A11B64E7C49}.Debug|Any CPU.ActiveCfg = Debug|Any CPU
		{1F9BADA9-2B2C-47D3-B6B5-8A11B64E7C49}.Debug|Any CPU.Build.0 = Debug|Any CPU
		{1F9BADA9-2B2C-47D3-B6B5-8A11B64E7C49}.Release|Any CPU.ActiveCfg = Release|Any CPU
		{1F9BADA9-2B2C-47D3-B6B5-8A11B64E7C49}.Release|Any CPU.Build.0 = Release|Any CPU
	EndGlobalSection
	GlobalSection(SolutionProperties) = preSolution
		HideSolutionNode = FALSE
	EndGlobalSection
	GlobalSection(ExtensibilityGlobals) = postSolution
		SolutionGuid = {D2676E00-BB41-42A5-A600-AC95F7D30575}
	EndGlobalSection
EndGlobal
